
Microsoft Visual Studio Solution File, Format Version 12.00
# Visual Studio Version 16
VisualStudioVersion = 25.0.1705.1
MinimumVisualStudioVersion = 10.0.40219.1
Project("{FAE04EC0-301F-11D3-BF4B-00C04F79EFBC}") = "Car", "Car\Car.csproj", "{B7AC3A5F-FC14-4A99-80C8-8F6CFF2F0CEE}"
EndProject
Global
	GlobalSection(SolutionConfigurationPlatforms) = preSolution
		Debug|Any CPU = Debug|Any CPU
		Release|Any CPU = Release|Any CPU
	EndGlobalSection
	GlobalSection(ProjectConfigurationPlatforms) = postSolution
		{B7AC3A5F-FC14-4A99-80C8-8F6CFF2F0CEE}.Debug|Any CPU.ActiveCfg = Debug|Any CPU
		{B7AC3A5F-FC14-4A99-80C8-8F6CFF2F0CEE}.Debug|Any CPU.Build.0 = Debug|Any CPU
		{B7AC3A5F-FC14-4A99-80C8-8F6CFF2F0CEE}.Release|Any CPU.ActiveCfg = Release|Any CPU
		{B7AC3A5F-FC14-4A99-80C8-8F6CFF2F0CEE}.Release|Any CPU.Build.0 = Release|Any CPU
	EndGlobalSection
	GlobalSection(SolutionProperties) = preSolution
		HideSolutionNode = FALSE
	EndGlobalSection
	GlobalSection(ExtensibilityGlobals) = postSolution
		SolutionGuid = {89683618-8EB4-4325-8625-0439B4CDCC4D}
	EndGlobalSection
EndGlobal
